PODS:
  - CTMediator (25)
  - ZujianhuaDemoInfoCategoryKit (0.1.1):
    - CTMediator
  - ZujianhuaDemoInfoKit (0.1.1):
    - ZujianhuaDemoValidateCategoryKit
  - ZujianhuaDemoValidateCategoryKit (0.1.1):
    - CTMediator
  - ZujianhuaDemoValidateKit (0.1.1)

DEPENDENCIES:
  - ZujianhuaDemoInfoCategoryKit (~> 0.1.1)
  - ZujianhuaDemoInfoKit (~> 0.1.1)
  - ZujianhuaDemoValidateCategoryKit (~> 0.1.1)
  - ZujianhuaDemoValidateKit (~> 0.1.1)

SPEC REPOS:
  https://gitee.com/tbzgarnett/TBZTargetActionDemoSpec.git:
    - ZujianhuaDemoInfoCategoryKit
    - ZujianhuaDemoInfoKit
    - ZujianhuaDemoValidateCategoryKit
    - ZujianhuaDemoValidateKit
  https://github.com/cocoapods/specs.git:
    - CTMediator

SPEC CHECKSUMS:
  CTMediator: 830c1fc204b3a6abf2a059510c7380f56343da0f
  ZujianhuaDemoInfoCategoryKit: 4d251a6c7107257a5b0c58d3c707b858bedf2d89
  ZujianhuaDemoInfoKit: 7d277e153e49ea329d460593f4da28c7f7fb0d5d
  ZujianhuaDemoValidateCategoryKit: 1058754794767558c78f8c385eb46d746e44ad7c
  ZujianhuaDemoValidateKit: 54ca8637f41fed93b02a3ce0c40748887682f662

PODFILE CHECKSUM: 8dfebbfa6ba51973d2d7545d461715d8260c5e1d

COCOAPODS: 1.7.3
